// !$*UTF8*$!
{
	archiveVersion = 1;
	classes = {
	};
	objectVersion = 60;
	objects = {

/* Begin PBXBuildFile section */
		3A23CAF52A3AC05C0099CC42 /* ChangelogKit in Frameworks */ = {isa = PBXBuildFile; productRef = 3A23CAF42A3AC05C0099CC42 /* ChangelogKit */; };
		3A46CBB0285444CC00BE79A3 /* ChangelogKitDemoApp.swift in Sources */ = {isa = PBXBuildFile; fileRef = 3A46CBAF285444CC00BE79A3 /* ChangelogKitDemoApp.swift */; };
		3A46CBB2285444CC00BE79A3 /* ContentView.swift in Sources */ = {isa = PBXBuildFile; fileRef = 3A46CBB1285444CC00BE79A3 /* ContentView.swift */; };
		3A46CBB4285444CD00BE79A3 /* Assets.xcassets in Resources */ = {isa = PBXBuildFile; fileRef = 3A46CBB3285444CD00BE79A3 /* Assets.xcassets */; };
		3A46CBB8285444CD00BE79A3 /* Preview Assets.xcassets in Resources */ = {isa = PBXBuildFile; fileRef = 3A46CBB7285444CD00BE79A3 /* Preview Assets.xcassets */; };
		3AE0026A2962DD540055979A /* data.json in Resources */ = {isa = PBXBuildFile; fileRef = 3AE0026C2962DD540055979A /* data.json */; };
		9A5A87052F8AAE3F00117E7D /* ChangelogKit in Frameworks */ = {isa = PBXBuildFile; productRef = 9A5A87042F8AAE3F00117E7D /* ChangelogKit */; };
/* End PBXBuildFile section */

/* Begin PBXFileReference section */
		3A03F3A82E89A42000B7D001 /* ar */ = {isa = PBXFileReference; lastKnownFileType = text.json; name = ar; path = ar.lproj/data.json; sourceTree = "<group>"; };
		3A46CBAC285444CC00BE79A3 /* ChangelogKitDemo.app */ = {isa = PBXFileReference; explicitFileType = wrapper.application; includeInIndex = 0; path = ChangelogKitDemo.app; sourceTree = BUILT_PRODUCTS_DIR; };
		3A46CBAF285444CC00BE79A3 /* ChangelogKitDemoApp.swift */ = {isa = PBXFileReference; lastKnownFileType = sourcecode.swift; path = ChangelogKitDemoApp.swift; sourceTree = "<group>"; };
		3A46CBB1285444CC00BE79A3 /* ContentView.swift */ = {isa = PBXFileReference; lastKnownFileType = sourcecode.swift; path = ContentView.swift; sourceTree = "<group>"; };
		3A46CBB3285444CD00BE79A3 /* Assets.xcassets */ = {isa = PBXFileReference; lastKnownFileType = folder.assetcatalog; path = Assets.xcassets; sourceTree = "<group>"; };
		3A46CBB5285444CD00BE79A3 /* ChangelogKitDemo.entitlements */ = {isa = PBXFileReference; lastKnownFileType = text.plist.entitlements; path = ChangelogKitDemo.entitlements; sourceTree = "<group>"; };
		3A46CBB7285444CD00BE79A3 /* Preview Assets.xcassets */ = {isa = PBXFileReference; lastKnownFileType = folder.assetcatalog; path = "Preview Assets.xcassets"; sourceTree = "<group>"; };
		3AE0026B2962DD540055979A /* en */ = {isa = PBXFileReference; lastKnownFileType = text.json; name = en; path = en.lproj/data.json; sourceTree = "<group>"; };
/* End PBXFileReference section */

/* Begin PBXFrameworksBuildPhase section */
		3A46CBA9285444CC00BE79A3 /* Frameworks */ = {
			isa = PBXFrameworksBuildPhase;
			buildActionMask = 2147483647;
			files = (
				9A5A87052F8AAE3F00117E7D /* ChangelogKit in Frameworks */,
				3A23CAF52A3AC05C0099CC42 /* ChangelogKit in Frameworks */,
			);
			runOnlyForDeploymentPostprocessing = 0;
		};
/* End PBXFrameworksBuildPhase section */

/* Begin PBXGroup section */
		3A46CBA3285444CC00BE79A3 = {
			isa = PBXGroup;
			children = (
				3A46CBAE285444CC00BE79A3 /* ChangelogKitDemo */,
				3A46CBAD285444CC00BE79A3 /* Products */,
				3AB7E08F28630E380059EEFE /* Frameworks */,
			);
			sourceTree = "<group>";
		};
		3A46CBAD285444CC00BE79A3 /* Products */ = {
			isa = PBXGroup;
			children = (
				3A46CBAC285444CC00BE79A3 /* ChangelogKitDemo.app */,
			);
			name = Products;
			sourceTree = "<group>";
		};
		3A46CBAE285444CC00BE79A3 /* ChangelogKitDemo */ = {
			isa = PBXGroup;
			children = (
				3A46CBAF285444CC00BE79A3 /* ChangelogKitDemoApp.swift */,
				3A46CBB1285444CC00BE79A3 /* ContentView.swift */,
				3AE0026C2962DD540055979A /* data.json */,
				3A46CBB3285444CD00BE79A3 /* Assets.xcassets */,
				3A46CBB5285444CD00BE79A3 /* ChangelogKitDemo.entitlements */,
				3A46CBB6285444CD00BE79A3 /* Preview Content */,
			);
			path = ChangelogKitDemo;
			sourceTree = "<group>";
		};
		3A46CBB6285444CD00BE79A3 /* Preview Content */ = {
			isa = PBXGroup;
			children = (
				3A46CBB7285444CD00BE79A3 /* Preview Assets.xcassets */,
			);
			path = "Preview Content";
			sourceTree = "<group>";
		};
		3AB7E08F28630E380059EEFE /* Frameworks */ = {
			isa = PBXGroup;
			children = (
			);
			name = Frameworks;
			sourceTree = "<group>";
		};
/* End PBXGroup section */

/* Begin PBXNativeTarget section */
		3A46CBAB285444CC00BE79A3 /* ChangelogKitDemo */ = {
			isa = PBXNativeTarget;
			buildConfigurationList = 3A46CBBB285444CD00BE79A3 /* Build configuration list for PBXNativeTarget "ChangelogKitDemo" */;
			buildPhases = (
				3A46CBA8285444CC00BE79A3 /* Sources */,
				3A46CBA9285444CC00BE79A3 /* Frameworks */,
				3A46CBAA285444CC00BE79A3 /* Resources */,
			);
			buildRules = (
			);
			dependencies = (
			);
			name = ChangelogKitDemo;
			packageProductDependencies = (
				3A23CAF42A3AC05C0099CC42 /* ChangelogKit */,
				9A5A87042F8AAE3F00117E7D /* ChangelogKit */,
			);
			productName = ChangelogKitDemo;
			productReference = 3A46CBAC285444CC00BE79A3 /* ChangelogKitDemo.app */;
			productType = "com.apple.product-type.application";
		};
/* End PBXNativeTarget section */

/* Begin PBXProject section */
		3A46CBA4285444CC00BE79A3 /* Project object */ = {
			isa = PBXProject;
			attributes = {
				BuildIndependentTargetsInParallel = 1;
				LastSwiftUpdateCheck = 1400;
				LastUpgradeCheck = 1400;
				TargetAttributes = {
					3A46CBAB285444CC00BE79A3 = {
						CreatedOnToolsVersion = 14.0;
					};
				};
			};
			buildConfigurationList = 3A46CBA7285444CC00BE79A3 /* Build configuration list for PBXProject "ChangelogKitDemo" */;
			compatibilityVersion = "Xcode 14.0";
			developmentRegion = en;
			hasScannedForEncodings = 0;
			knownRegions = (
				en,
				Base,
				ar,
			);
			mainGroup = 3A46CBA3285444CC00BE79A3;
			packageReferences = (
				9A5A87032F8AAE3F00117E7D /* XCLocalSwiftPackageReference "../../SwiftNEWKit" */,
			);
			productRefGroup = 3A46CBAD285444CC00BE79A3 /* Products */;
			projectDirPath = "";
			projectRoot = "";
			targets = (
				3A46CBAB285444CC00BE79A3 /* ChangelogKitDemo */,
			);
		};
/* End PBXProject section */

/* Begin PBXResourcesBuildPhase section */
		3A46CBAA285444CC00BE79A3 /* Resources */ = {
			isa = PBXResourcesBuildPhase;
			buildActionMask = 2147483647;
			files = (
				3A46CBB8285444CD00BE79A3 /* Preview Assets.xcassets in Resources */,
				3A46CBB4285444CD00BE79A3 /* Assets.xcassets in Resources */,
				3AE0026A2962DD540055979A /* data.json in Resources */,
			);
			runOnlyForDeploymentPostprocessing = 0;
		};
/* End PBXResourcesBuildPhase section */

/* Begin PBXSourcesBuildPhase section */
		3A46CBA8285444CC00BE79A3 /* Sources */ = {
			isa = PBXSourcesBuildPhase;
			buildActionMask = 2147483647;
			files = (
				3A46CBB2285444CC00BE79A3 /* ContentView.swift in Sources */,
				3A46CBB0285444CC00BE79A3 /* ChangelogKitDemoApp.swift in Sources */,
			);
			runOnlyForDeploymentPostprocessing = 0;
		};
/* End PBXSourcesBuildPhase section */

/* Begin PBXVariantGroup section */
		3AE0026C2962DD540055979A /* data.json */ = {
			isa = PBXVariantGroup;
			children = (
				3A03F3A82E89A42000B7D001 /* ar */,
				3AE0026B2962DD540055979A /* en */,
			);
			name = data.json;
			sourceTree = "<group>";
		};
/* End PBXVariantGroup section */

/* Begin XCBuildConfiguration section */
		3A46CBB9285444CD00BE79A3 /* Debug */ = {
			isa = XCBuildConfiguration;
			buildSettings = {
				ALWAYS_SEARCH_USER_PATHS = NO;
				CLANG_ANALYZER_LOCALIZABILITY_NONLOCALIZED = YES;
				CLANG_ANALYZER_NONNULL = YES;
				CLANG_ANALYZER_NUMBER_OBJECT_CONVERSION = YES_AGGRESSIVE;
				CLANG_CXX_LANGUAGE_STANDARD = "gnu++17";
				CLANG_ENABLE_MODULES = YES;
				CLANG_ENABLE_OBJC_ARC = YES;
				CLANG_ENABLE_OBJC_WEAK = YES;
				CLANG_WARN_BLOCK_CAPTURE_AUTORELEASING = YES;
				CLANG_WARN_BOOL_CONVERSION = YES;
				CLANG_WARN_COMMA = YES;
				CLANG_WARN_CONSTANT_CONVERSION = YES;
				CLANG_WARN_DEPRECATED_OBJC_IMPLEMENTATIONS = YES;
				CLANG_WARN_DIRECT_OBJC_ISA_USAGE = YES_ERROR;
				CLANG_WARN_DOCUMENTATION_COMMENTS = YES;
				CLANG_WARN_EMPTY_BODY = YES;
				CLANG_WARN_ENUM_CONVERSION = YES;
				CLANG_WARN_INFINITE_RECURSION = YES;
				CLANG_WARN_INT_CONVERSION = YES;
				CLANG_WARN_NON_LITERAL_NULL_CONVERSION = YES;
				CLANG_WARN_OBJC_IMPLICIT_RETAIN_SELF = YES;
				CLANG_WARN_OBJC_LITERAL_CONVERSION = YES;
				CLANG_WARN_OBJC_ROOT_CLASS = YES_ERROR;
				CLANG_WARN_QUOTED_INCLUDE_IN_FRAMEWORK_HEADER = YES;
				CLANG_WARN_RANGE_LOOP_ANALYSIS = YES;
				CLANG_WARN_STRICT_PROTOTYPES = YES;
				CLANG_WARN_SUSPICIOUS_MOVE = YES;
				CLANG_WARN_UNGUARDED_AVAILABILITY = YES_AGGRESSIVE;
				CLANG_WARN_UNREACHABLE_CODE = YES;
				CLANG_WARN__DUPLICATE_METHOD_MATCH = YES;
				COPY_PHASE_STRIP = NO;
				DEBUG_INFORMATION_FORMAT = dwarf;
				ENABLE_STRICT_OBJC_MSGSEND = YES;
				ENABLE_TESTABILITY = YES;
				GCC_C_LANGUAGE_STANDARD = gnu11;
				GCC_DYNAMIC_NO_PIC = NO;
				GCC_NO_COMMON_BLOCKS = YES;
				GCC_OPTIMIZATION_LEVEL = 0;
				GCC_PREPROCESSOR_DEFINITIONS = (
					"DEBUG=1",
					"$(inherited)",
				);
				GCC_WARN_64_TO_32_BIT_CONVERSION = YES;
				GCC_WARN_ABOUT_RETURN_TYPE = YES_ERROR;
				GCC_WARN_UNDECLARED_SELECTOR = YES;
				GCC_WARN_UNINITIALIZED_AUTOS = YES_AGGRESSIVE;
				GCC_WARN_UNUSED_FUNCTION = YES;
				GCC_WARN_UNUSED_VARIABLE = YES;
				MTL_ENABLE_DEBUG_INFO = INCLUDE_SOURCE;
				MTL_FAST_MATH = YES;
				ONLY_ACTIVE_ARCH = YES;
				SWIFT_ACTIVE_COMPILATION_CONDITIONS = DEBUG;
				SWIFT_OPTIMIZATION_LEVEL = "-Onone";
			};
			name = Debug;
		};
		3A46CBBA285444CD00BE79A3 /* Release */ = {
			isa = XCBuildConfiguration;
			buildSettings = {
				ALWAYS_SEARCH_USER_PATHS = NO;
				CLANG_ANALYZER_LOCALIZABILITY_NONLOCALIZED = YES;
				CLANG_ANALYZER_NONNULL = YES;
				CLANG_ANALYZER_NUMBER_OBJECT_CONVERSION = YES_AGGRESSIVE;
				CLANG_CXX_LANGUAGE_STANDARD = "gnu++17";
				CLANG_ENABLE_MODULES = YES;
				CLANG_ENABLE_OBJC_ARC = YES;
				CLANG_ENABLE_OBJC_WEAK = YES;
				CLANG_WARN_BLOCK_CAPTURE_AUTORELEASING = YES;
				CLANG_WARN_BOOL_CONVERSION = YES;
				CLANG_WARN_COMMA = YES;
				CLANG_WARN_CONSTANT_CONVERSION = YES;
				CLANG_WARN_DEPRECATED_OBJC_IMPLEMENTATIONS = YES;
				CLANG_WARN_DIRECT_OBJC_ISA_USAGE = YES_ERROR;
				CLANG_WARN_DOCUMENTATION_COMMENTS = YES;
				CLANG_WARN_EMPTY_BODY = YES;
				CLANG_WARN_ENUM_CONVERSION = YES;
				CLANG_WARN_INFINITE_RECURSION = YES;
				CLANG_WARN_INT_CONVERSION = YES;
				CLANG_WARN_NON_LITERAL_NULL_CONVERSION = YES;
				CLANG_WARN_OBJC_IMPLICIT_RETAIN_SELF = YES;
				CLANG_WARN_OBJC_LITERAL_CONVERSION = YES;
				CLANG_WARN_OBJC_ROOT_CLASS = YES_ERROR;
				CLANG_WARN_QUOTED_INCLUDE_IN_FRAMEWORK_HEADER = YES;
				CLANG_WARN_RANGE_LOOP_ANALYSIS = YES;
				CLANG_WARN_STRICT_PROTOTYPES = YES;
				CLANG_WARN_SUSPICIOUS_MOVE = YES;
				CLANG_WARN_UNGUARDED_AVAILABILITY = YES_AGGRESSIVE;
				CLANG_WARN_UNREACHABLE_CODE = YES;
				CLANG_WARN__DUPLICATE_METHOD_MATCH = YES;
				COPY_PHASE_STRIP = NO;
				DEBUG_INFORMATION_FORMAT = "dwarf-with-dsym";
				ENABLE_NS_ASSERTIONS = NO;
				ENABLE_STRICT_OBJC_MSGSEND = YES;
				GCC_C_LANGUAGE_STANDARD = gnu11;
				GCC_NO_COMMON_BLOCKS = YES;
				GCC_WARN_64_TO_32_BIT_CONVERSION = YES;
				GCC_WARN_ABOUT_RETURN_TYPE = YES_ERROR;
				GCC_WARN_UNDECLARED_SELECTOR = YES;
				GCC_WARN_UNINITIALIZED_AUTOS = YES_AGGRESSIVE;
				GCC_WARN_UNUSED_FUNCTION = YES;
				GCC_WARN_UNUSED_VARIABLE = YES;
				MTL_ENABLE_DEBUG_INFO = NO;
				MTL_FAST_MATH = YES;
				SWIFT_COMPILATION_MODE = wholemodule;
				SWIFT_OPTIMIZATION_LEVEL = "-O";
			};
			name = Release;
		};
		3A46CBBC285444CD00BE79A3 /* Debug */ = {
			isa = XCBuildConfiguration;
			buildSettings = {
				ASSETCATALOG_COMPILER_APPICON_NAME = AppIcon;
				ASSETCATALOG_COMPILER_GLOBAL_ACCENT_COLOR_NAME = AccentColor;
				CODE_SIGN_ENTITLEMENTS = ChangelogKitDemo/ChangelogKitDemo.entitlements;
				CODE_SIGN_STYLE = Automatic;
				CURRENT_PROJECT_VERSION = 17;
				DEVELOPMENT_ASSET_PATHS = "\"ChangelogKitDemo/Preview Content\"";
				DEVELOPMENT_TEAM = "";
				ENABLE_HARDENED_RUNTIME = YES;
				ENABLE_PREVIEWS = YES;
				GENERATE_INFOPLIST_FILE = YES;
				INFOPLIST_KEY_LSApplicationCategoryType = "public.app-category.developer-tools";
				"INFOPLIST_KEY_UILaunchScreen_Generation[sdk=iphoneos*]" = YES;
				"INFOPLIST_KEY_UILaunchScreen_Generation[sdk=iphonesimulator*]" = YES;
				INFOPLIST_KEY_UISupportedInterfaceOrientations = "UIInterfaceOrientationLandscapeLeft UIInterfaceOrientationLandscapeRight UIInterfaceOrientationPortrait UIInterfaceOrientationPortraitUpsideDown";
				IPHONEOS_DEPLOYMENT_TARGET = 17.0;
				LD_RUNPATH_SEARCH_PATHS = "@executable_path/Frameworks";
				"LD_RUNPATH_SEARCH_PATHS[sdk=macosx*]" = "@executable_path/../Frameworks";
				MACOSX_DEPLOYMENT_TARGET = 14.0;
				MARKETING_VERSION = 6.2;
				PRODUCT_BUNDLE_IDENTIFIER = io.jauzee.changelogKit;
				PRODUCT_NAME = "$(TARGET_NAME)";
				SDKROOT = auto;
				SUPPORTED_PLATFORMS = "appletvos appletvsimulator iphoneos iphonesimulator macosx xros xrsimulator";
				SUPPORTS_MACCATALYST = NO;
				SUPPORTS_MAC_DESIGNED_FOR_IPHONE_IPAD = NO;
				SUPPORTS_XR_DESIGNED_FOR_IPHONE_IPAD = NO;
				SWIFT_EMIT_LOC_STRINGS = YES;
				SWIFT_VERSION = 5.0;
				TARGETED_DEVICE_FAMILY = "1,2,3,7";
				TVOS_DEPLOYMENT_TARGET = 17.0;
				VISIONOS_DEPLOYMENT_TARGET = 1.0;
			};
			name = Debug;
		};
		3A46CBBD285444CD00BE79A3 /* Release */ = {
			isa = XCBuildConfiguration;
			buildSettings = {
				ASSETCATALOG_COMPILER_APPICON_NAME = AppIcon;
				ASSETCATALOG_COMPILER_GLOBAL_ACCENT_COLOR_NAME = AccentColor;
				CODE_SIGN_ENTITLEMENTS = ChangelogKitDemo/ChangelogKitDemo.entitlements;
				CODE_SIGN_STYLE = Automatic;
				CURRENT_PROJECT_VERSION = 17;
				DEVELOPMENT_ASSET_PATHS = "\"ChangelogKitDemo/Preview Content\"";
				DEVELOPMENT_TEAM = "";
				ENABLE_HARDENED_RUNTIME = YES;
				ENABLE_PREVIEWS = YES;
				GENERATE_INFOPLIST_FILE = YES;
				INFOPLIST_KEY_LSApplicationCategoryType = "public.app-category.developer-tools";
				"INFOPLIST_KEY_UILaunchScreen_Generation[sdk=iphoneos*]" = YES;
				"INFOPLIST_KEY_UILaunchScreen_Generation[sdk=iphonesimulator*]" = YES;
				INFOPLIST_KEY_UISupportedInterfaceOrientations = "UIInterfaceOrientationLandscapeLeft UIInterfaceOrientationLandscapeRight UIInterfaceOrientationPortrait UIInterfaceOrientationPortraitUpsideDown";
				IPHONEOS_DEPLOYMENT_TARGET = 17.0;
				LD_RUNPATH_SEARCH_PATHS = "@executable_path/Frameworks";
				"LD_RUNPATH_SEARCH_PATHS[sdk=macosx*]" = "@executable_path/../Frameworks";
				MACOSX_DEPLOYMENT_TARGET = 14.0;
				MARKETING_VERSION = 6.2;
				PRODUCT_BUNDLE_IDENTIFIER = io.jauzee.changelogKit;
				PRODUCT_NAME = "$(TARGET_NAME)";
				SDKROOT = auto;
				SUPPORTED_PLATFORMS = "appletvos appletvsimulator iphoneos iphonesimulator macosx xros xrsimulator";
				SUPPORTS_MACCATALYST = NO;
				SUPPORTS_MAC_DESIGNED_FOR_IPHONE_IPAD = NO;
				SUPPORTS_XR_DESIGNED_FOR_IPHONE_IPAD = NO;
				SWIFT_EMIT_LOC_STRINGS = YES;
				SWIFT_VERSION = 5.0;
				TARGETED_DEVICE_FAMILY = "1,2,3,7";
				TVOS_DEPLOYMENT_TARGET = 17.0;
				XROS_DEPLOYMENT_TARGET = 1.0;
			};
			name = Release;
		};
/* End XCBuildConfiguration section */

/* Begin XCConfigurationList section */
		3A46CBA7285444CC00BE79A3 /* Build configuration list for PBXProject "ChangelogKitDemo" */ = {
			isa = XCConfigurationList;
			buildConfigurations = (
				3A46CBB9285444CD00BE79A3 /* Debug */,
				3A46CBBA285444CD00BE79A3 /* Release */,
			);
			defaultConfigurationIsVisible = 0;
			defaultConfigurationName = Release;
		};
		3A46CBBB285444CD00BE79A3 /* Build configuration list for PBXNativeTarget "ChangelogKitDemo" */ = {
			isa = XCConfigurationList;
			buildConfigurations = (
				3A46CBBC285444CD00BE79A3 /* Debug */,
				3A46CBBD285444CD00BE79A3 /* Release */,
			);
			defaultConfigurationIsVisible = 0;
			defaultConfigurationName = Release;
		};
/* End XCConfigurationList section */

/* Begin XCLocalSwiftPackageReference section */
		9A5A87032F8AAE3F00117E7D /* XCLocalSwiftPackageReference "../../SwiftNEWKit" */ = {
			isa = XCLocalSwiftPackageReference;
			relativePath = ../../SwiftNEWKit;
		};
/* End XCLocalSwiftPackageReference section */

/* Begin XCSwiftPackageProductDependency section */
		3A23CAF42A3AC05C0099CC42 /* ChangelogKit */ = {
			isa = XCSwiftPackageProductDependency;
			productName = ChangelogKit;
		};
		9A5A87042F8AAE3F00117E7D /* ChangelogKit */ = {
			isa = XCSwiftPackageProductDependency;
			productName = ChangelogKit;
		};
/* End XCSwiftPackageProductDependency section */
	};
	rootObject = 3A46CBA4285444CC00BE79A3 /* Project object */;
}
